
Microsoft Visual Studio Solution File, Format Version 12.00
# Visual Studio Version 17
VisualStudioVersion = 17.11.35312.102
MinimumVisualStudioVersion = 10.0.40219.1
Project("{FAE04EC0-301F-11D3-BF4B-00C04F79EFBC}") = "LessonOne", "LessonOne\LessonOne.csproj", "{26661B36-12E2-4DFC-B7A2-0F344D60EC83}"
EndProject
Global
	GlobalSection(SolutionConfigurationPlatforms) = preSolution
		Debug|Any CPU = Debug|Any CPU
		Release|Any CPU = Release|Any CPU
	EndGlobalSection
	GlobalSection(ProjectConfigurationPlatforms) = postSolution
		{26661B36-12E2-4DFC-B7A2-0F344D60EC83}.Debug|Any CPU.ActiveCfg = Debug|Any CPU
		{26661B36-12E2-4DFC-B7A2-0F344D60EC83}.Debug|Any CPU.Build.0 = Debug|Any CPU
		{26661B36-12E2-4DFC-B7A2-0F344D60EC83}.Release|Any CPU.ActiveCfg = Release|Any CPU
		{26661B36-12E2-4DFC-B7A2-0F344D60EC83}.Release|Any CPU.Build.0 = Release|Any CPU
	EndGlobalSection
	GlobalSection(SolutionProperties) = preSolution
		HideSolutionNode = FALSE
	EndGlobalSection
	GlobalSection(ExtensibilityGlobals) = postSolution
		SolutionGuid = {4368FF31-69B9-47EC-A5C4-AB501125B0A9}
	EndGlobalSection
EndGlobal
